// !$*UTF8*$!
{
	archiveVersion = 1;
	classes = {
	};
	objectVersion = 46;
	objects = {

/* Begin PBXBuildFile section */
		E911BCB618B2FCC900D8B8EC /* Foundation.framework in Frameworks */ = {isa = PBXBuildFile; fileRef = E911BCB518B2FCC900D8B8EC /* Foundation.framework */; };
		E911BCB818B2FCC900D8B8EC /* CoreGraphics.framework in Frameworks */ = {isa = PBXBuildFile; fileRef = E911BCB718B2FCC900D8B8EC /* CoreGraphics.framework */; };
		E911BCBA18B2FCC900D8B8EC /* UIKit.framework in Frameworks */ = {isa = PBXBuildFile; fileRef = E911BCB918B2FCC900D8B8EC /* UIKit.framework */; };
		E911BCBC18B2FCC900D8B8EC /* SpriteKit.framework in Frameworks */ = {isa = PBXBuildFile; fileRef = E911BCBB18B2FCC900D8B8EC /* SpriteKit.framework */; };
		E911BCC218B2FCC900D8B8EC /* InfoPlist.strings in Resources */ = {isa = PBXBuildFile; fileRef = E911BCC018B2FCC900D8B8EC /* InfoPlist.strings */; };
		E911BCC418B2FCC900D8B8EC /* main.m in Sources */ = {isa = PBXBuildFile; fileRef = E911BCC318B2FCC900D8B8EC /* main.m */; };
		E911BCC818B2FCC900D8B8EC /* HFFAppDelegate.m in Sources */ = {isa = PBXBuildFile; fileRef = E911BCC718B2FCC900D8B8EC /* HFFAppDelegate.m */; };
		E911BCCB18B2FCC900D8B8EC /* Main.storyboard in Resources */ = {isa = PBXBuildFile; fileRef = E911BCC918B2FCC900D8B8EC /* Main.storyboard */; };
		E911BCCE18B2FCC900D8B8EC /* HFFViewController.m in Sources */ = {isa = PBXBuildFile; fileRef = E911BCCD18B2FCC900D8B8EC /* HFFViewController.m */; };
		E911BCD118B2FCC900D8B8EC /* HFFScene.m in Sources */ = {isa = PBXBuildFile; fileRef = E911BCD018B2FCC900D8B8EC /* HFFScene.m */; };
		E911BCD318B2FCC900D8B8EC /* Spaceship.png in Resources */ = {isa = PBXBuildFile; fileRef = E911BCD218B2FCC900D8B8EC /* Spaceship.png */; };
		E911BCD518B2FCC900D8B8EC /* Images.xcassets in Resources */ = {isa = PBXBuildFile; fileRef = E911BCD418B2FCC900D8B8EC /* Images.xcassets */; };
		E911BCDD18B2FCC900D8B8EC /* Foundation.framework in Frameworks */ = {isa = PBXBuildFile; fileRef = E911BCB518B2FCC900D8B8EC /* Foundation.framework */; };
		E911BCDE18B2FCC900D8B8EC /* UIKit.framework in Frameworks */ = {isa = PBXBuildFile; fileRef = E911BCB918B2FCC900D8B8EC /* UIKit.framework */; };
		E911BD8B18B4364900D8B8EC /* SKUtils.framework in Frameworks */ = {isa = PBXBuildFile; fileRef = E911BD8A18B4364900D8B8EC /* SKUtils.framework */; };
		E91C281218B6F01800DD5256 /* obstacle-weeds.png in Resources */ = {isa = PBXBuildFile; fileRef = E91C281018B6F01800DD5256 /* obstacle-weeds.png */; };
		E91C281318B6F01800DD5256 /* obstacle-weeds@2x.png in Resources */ = {isa = PBXBuildFile; fileRef = E91C281118B6F01800DD5256 /* obstacle-weeds@2x.png */; };
		E925096B18BA674A00612051 /* GameKit.framework in Frameworks */ = {isa = PBXBuildFile; fileRef = E925096A18BA674A00612051 /* GameKit.framework */; };
		E925097818BA84B700612051 /* GameCenterManager.m in Sources */ = {isa = PBXBuildFile; fileRef = E925097718BA84B700612051 /* GameCenterManager.m */; };
		E925097A18BA908F00612051 /* StoreKit.framework in Frameworks */ = {isa = PBXBuildFile; fileRef = E925097918BA908F00612051 /* StoreKit.framework */; };
		E925097C18BA942700612051 /* scoreBackDrop@2x.png in Resources */ = {isa = PBXBuildFile; fileRef = E925097B18BA942700612051 /* scoreBackDrop@2x.png */; };
		E925098118BAF46200612051 /* buy.png in Resources */ = {isa = PBXBuildFile; fileRef = E925097D18BAF46200612051 /* buy.png */; };
		E925098218BAF46200612051 /* rate.png in Resources */ = {isa = PBXBuildFile; fileRef = E925097E18BAF46200612051 /* rate.png */; };
		E925098318BAF46200612051 /* rate@2x.png in Resources */ = {isa = PBXBuildFile; fileRef = E925097F18BAF46200612051 /* rate@2x.png */; };
		E925098418BAF46200612051 /* buy@2x.png in Resources */ = {isa = PBXBuildFile; fileRef = E925098018BAF46200612051 /* buy@2x.png */; };
		E925098718BCFF2700612051 /* InAppPurchaseHelper.m in Sources */ = {isa = PBXBuildFile; fileRef = E925098618BCFF2700612051 /* InAppPurchaseHelper.m */; };
		E925098A18BD00D600612051 /* HFFInAppPurchaseHelper.m in Sources */ = {isa = PBXBuildFile; fileRef = E925098918BD00D600612051 /* HFFInAppPurchaseHelper.m */; };
		E9AE8F0118B51DAD00132D48 /* fish-0.png in Resources */ = {isa = PBXBuildFile; fileRef = E9AE8EF918B51DAD00132D48 /* fish-0.png */; };
		E9AE8F0218B51DAD00132D48 /* fish-0@2x.png in Resources */ = {isa = PBXBuildFile; fileRef = E9AE8EFA18B51DAD00132D48 /* fish-0@2x.png */; };
		E9AE8F0318B51DAD00132D48 /* fish-1.png in Resources */ = {isa = PBXBuildFile; fileRef = E9AE8EFB18B51DAD00132D48 /* fish-1.png */; };
		E9AE8F0418B51DAD00132D48 /* fish-1@2x.png in Resources */ = {isa = PBXBuildFile; fileRef = E9AE8EFC18B51DAD00132D48 /* fish-1@2x.png */; };
		E9AE8F0518B51DAD00132D48 /* fish-dead.png in Resources */ = {isa = PBXBuildFile; fileRef = E9AE8EFD18B51DAD00132D48 /* fish-dead.png */; };
		E9AE8F0618B51DAD00132D48 /* fish-dead@2x.png in Resources */ = {isa = PBXBuildFile; fileRef = E9AE8EFE18B51DAD00132D48 /* fish-dead@2x.png */; };
		E9AE8F0718B51DAD00132D48 /* foreground.png in Resources */ = {isa = PBXBuildFile; fileRef = E9AE8EFF18B51DAD00132D48 /* foreground.png */; };
		E9AE8F0818B51DAD00132D48 /* foreground@2x.png in Resources */ = {isa = PBXBuildFile; fileRef = E9AE8F0018B51DAD00132D48 /* foreground@2x.png */; };
		E9AE8F0F18B5267800132D48 /* background.png in Resources */ = {isa = PBXBuildFile; fileRef = E9AE8F0D18B5267800132D48 /* background.png */; };
		E9AE8F1018B5267800132D48 /* background@2x.png in Resources */ = {isa = PBXBuildFile; fileRef = E9AE8F0E18B5267800132D48 /* background@2x.png */; };
		E9AE8F1318B5294400132D48 /* obstacle.png in Resources */ = {isa = PBXBuildFile; fileRef = E9AE8F1118B5294400132D48 /* obstacle.png */; };
		E9AE8F1418B5294400132D48 /* obstacle@2x.png in Resources */ = {isa = PBXBuildFile; fileRef = E9AE8F1218B5294400132D48 /* obstacle@2x.png */; };
		E9AE8F1718B5595F00132D48 /* foreground-fancy.png in Resources */ = {isa = PBXBuildFile; fileRef = E9AE8F1518B5595F00132D48 /* foreground-fancy.png */; };
		E9AE8F1818B5595F00132D48 /* foreground-fancy@2x.png in Resources */ = {isa = PBXBuildFile; fileRef = E9AE8F1618B5595F00132D48 /* foreground-fancy@2x.png */; };
		E9B48EBF18B7095A00B50B7E /* iAd.framework in Frameworks */ = {isa = PBXBuildFile; fileRef = E9B48EBE18B7095A00B50B7E /* iAd.framework */; };
		E9B48EC918B783CE00B50B7E /* playButton@2x.png in Resources */ = {isa = PBXBuildFile; fileRef = E9B48EC018B783CE00B50B7E /* playButton@2x.png */; };
		E9B48ECA18B783CE00B50B7E /* playButton.png in Resources */ = {isa = PBXBuildFile; fileRef = E9B48EC118B783CE00B50B7E /* playButton.png */; };
		E9B48ECB18B783CE00B50B7E /* pause@2x.png in Resources */ = {isa = PBXBuildFile; fileRef = E9B48EC218B783CE00B50B7E /* pause@2x.png */; };
		E9B48ECC18B783CE00B50B7E /* title.png in Resources */ = {isa = PBXBuildFile; fileRef = E9B48EC318B783CE00B50B7E /* title.png */; };
		E9B48ECD18B783CE00B50B7E /* tap.png in Resources */ = {isa = PBXBuildFile; fileRef = E9B48EC418B783CE00B50B7E /* tap.png */; };
		E9B48ECE18B783CE00B50B7E /* play.png in Resources */ = {isa = PBXBuildFile; fileRef = E9B48EC518B783CE00B50B7E /* play.png */; };
		E9B48ECF18B783CE00B50B7E /* play@2x.png in Resources */ = {isa = PBXBuildFile; fileRef = E9B48EC618B783CE00B50B7E /* play@2x.png */; };
		E9B48ED018B783CE00B50B7E /* tap@2x.png in Resources */ = {isa = PBXBuildFile; fileRef = E9B48EC718B783CE00B50B7E /* tap@2x.png */; };
		E9B48ED118B783CE00B50B7E /* title@2x.png in Resources */ = {isa = PBXBuildFile; fileRef = E9B48EC818B783CE00B50B7E /* title@2x.png */; };
		E9B48ED418B7F79F00B50B7E /* title-fancy.png in Resources */ = {isa = PBXBuildFile; fileRef = E9B48ED218B7F79F00B50B7E /* title-fancy.png */; };
		E9B48ED518B7F79F00B50B7E /* title-fancy@2x.png in Resources */ = {isa = PBXBuildFile; fileRef = E9B48ED318B7F79F00B50B7E /* title-fancy@2x.png */; };
		E9B48ED818B808CD00B50B7E /* gameOver.png in Resources */ = {isa = PBXBuildFile; fileRef = E9B48ED618B808CD00B50B7E /* gameOver.png */; };
		E9B48ED918B808CD00B50B7E /* gameOver@2x.png in Resources */ = {isa = PBXBuildFile; fileRef = E9B48ED718B808CD00B50B7E /* gameOver@2x.png */; };
		E9B48EE018B81B5800B50B7E /* button.png in Resources */ = {isa = PBXBuildFile; fileRef = E9B48EDA18B81B5800B50B7E /* button.png */; };
		E9B48EE118B81B5800B50B7E /* ok.png in Resources */ = {isa = PBXBuildFile; fileRef = E9B48EDB18B81B5800B50B7E /* ok.png */; };
		E9B48EE218B81B5800B50B7E /* share.png in Resources */ = {isa = PBXBuildFile; fileRef = E9B48EDC18B81B5800B50B7E /* share.png */; };
		E9B48EE318B81B5800B50B7E /* button@2x.png in Resources */ = {isa = PBXBuildFile; fileRef = E9B48EDD18B81B5800B50B7E /* button@2x.png */; };
		E9B48EE418B81B5900B50B7E /* ok@2x.png in Resources */ = {isa = PBXBuildFile; fileRef = E9B48EDE18B81B5800B50B7E /* ok@2x.png */; };
		E9B48EE518B81B5900B50B7E /* share@2x.png in Resources */ = {isa = PBXBuildFile; fileRef = E9B48EDF18B81B5800B50B7E /* share@2x.png */; };
		E9B48EE718B81E6100B50B7E /* Karmatic Arcade.otf in Resources */ = {isa = PBXBuildFile; fileRef = E9B48EE618B81E6100B50B7E /* Karmatic Arcade.otf */; };
		E9B48EEB18B8243B00B50B7E /* scorecard.png in Resources */ = {isa = PBXBuildFile; fileRef = E9B48EE918B8243B00B50B7E /* scorecard.png */; };
		E9B48EEC18B8243B00B50B7E /* scorecard@2x.png in Resources */ = {isa = PBXBuildFile; fileRef = E9B48EEA18B8243B00B50B7E /* scorecard@2x.png */; };
		E9E4DF7B18BF891000EC8B48 /* KiipSDK.framework in Frameworks */ = {isa = PBXBuildFile; fileRef = E9E4DF7A18BF891000EC8B48 /* KiipSDK.framework */; };
		E9E4DF7D18BF891500EC8B48 /* CoreTelephony.framework in Frameworks */ = {isa = PBXBuildFile; fileRef = E9E4DF7C18BF891500EC8B48 /* CoreTelephony.framework */; };
		E9E4DF7F18BF892000EC8B48 /* AdSupport.framework in Frameworks */ = {isa = PBXBuildFile; fileRef = E9E4DF7E18BF892000EC8B48 /* AdSupport.framework */; };
		E9E4DF8118BF892700EC8B48 /* PassKit.framework in Frameworks */ = {isa = PBXBuildFile; fileRef = E9E4DF8018BF892700EC8B48 /* PassKit.framework */; };
		E9E4DF8318BF8B0C00EC8B48 /* SystemConfiguration.framework in Frameworks */ = {isa = PBXBuildFile; fileRef = E9E4DF8218BF8B0C00EC8B48 /* SystemConfiguration.framework */; };
		E9E4DF8F18BF98CD00EC8B48 /* Icon-40.png in Resources */ = {isa = PBXBuildFile; fileRef = E9E4DF8518BF98CD00EC8B48 /* Icon-40.png */; };
		E9E4DF9018BF98CD00EC8B48 /* Icon-40@2x.png in Resources */ = {isa = PBXBuildFile; fileRef = E9E4DF8618BF98CD00EC8B48 /* Icon-40@2x.png */; };
		E9E4DF9118BF98CD00EC8B48 /* Icon-60.png in Resources */ = {isa = PBXBuildFile; fileRef = E9E4DF8718BF98CD00EC8B48 /* Icon-60.png */; };
		E9E4DF9218BF98CD00EC8B48 /* Icon-60@2x.png in Resources */ = {isa = PBXBuildFile; fileRef = E9E4DF8818BF98CD00EC8B48 /* Icon-60@2x.png */; };
		E9E4DF9318BF98CD00EC8B48 /* Icon-Small.png in Resources */ = {isa = PBXBuildFile; fileRef = E9E4DF8918BF98CD00EC8B48 /* Icon-Small.png */; };
		E9E4DF9418BF98CD00EC8B48 /* Icon-Small@2x.png in Resources */ = {isa = PBXBuildFile; fileRef = E9E4DF8A18BF98CD00EC8B48 /* Icon-Small@2x.png */; };
		E9E4DF9518BF98CD00EC8B48 /* Icon.png in Resources */ = {isa = PBXBuildFile; fileRef = E9E4DF8B18BF98CD00EC8B48 /* Icon.png */; };
		E9E4DF9618BF98CD00EC8B48 /* Icon@2x.png in Resources */ = {isa = PBXBuildFile; fileRef = E9E4DF8C18BF98CD00EC8B48 /* Icon@2x.png */; };
		E9E4DF9718BF98CD00EC8B48 /* iTunesArtwork.png in Resources */ = {isa = PBXBuildFile; fileRef = E9E4DF8D18BF98CD00EC8B48 /* iTunesArtwork.png */; };
		E9E4DF9818BF98CD00EC8B48 /* iTunesArtwork@2x.png in Resources */ = {isa = PBXBuildFile; fileRef = E9E4DF8E18BF98CD00EC8B48 /* iTunesArtwork@2x.png */; };
		E9E4DF9F18BF992400EC8B48 /* Icon-72.png in Resources */ = {isa = PBXBuildFile; fileRef = E9E4DF9918BF992400EC8B48 /* Icon-72.png */; };
		E9E4DFA018BF992400EC8B48 /* Icon-72@2x.png in Resources */ = {isa = PBXBuildFile; fileRef = E9E4DF9A18BF992400EC8B48 /* Icon-72@2x.png */; };
		E9E4DFA118BF992400EC8B48 /* Icon-76.png in Resources */ = {isa = PBXBuildFile; fileRef = E9E4DF9B18BF992400EC8B48 /* Icon-76.png */; };
		E9E4DFA218BF992400EC8B48 /* Icon-76@2x.png in Resources */ = {isa = PBXBuildFile; fileRef = E9E4DF9C18BF992400EC8B48 /* Icon-76@2x.png */; };
		E9E4DFA318BF992400EC8B48 /* Icon-Small-50.png in Resources */ = {isa = PBXBuildFile; fileRef = E9E4DF9D18BF992400EC8B48 /* Icon-Small-50.png */; };
		E9E4DFA418BF992400EC8B48 /* Icon-Small-50@2x.png in Resources */ = {isa = PBXBuildFile; fileRef = E9E4DF9E18BF992400EC8B48 /* Icon-Small-50@2x.png */; };
/* End PBXBuildFile section */

/* Begin PBXContainerItemProxy section */
		E911BCDF18B2FCC900D8B8EC /* PBXContainerItemProxy */ = {
			isa = PBXContainerItemProxy;
			containerPortal = E911BCAA18B2FCC900D8B8EC /* Project object */;
			proxyType = 1;
			remoteGlobalIDString = E911BCB118B2FCC900D8B8EC;
			remoteInfo = "Here Fishy Fishy";
		};
/* End PBXContainerItemProxy section */

/* Begin PBXFileReference section */
		E911BCB218B2FCC900D8B8EC /* Here Fishy Fishy.app */ = {isa = PBXFileReference; explicitFileType = wrapper.application; includeInIndex = 0; path = "Here Fishy Fishy.app"; sourceTree = BUILT_PRODUCTS_DIR; };
		E911BCB518B2FCC900D8B8EC /* Foundation.framework */ = {isa = PBXFileReference; lastKnownFileType = wrapper.framework; name = Foundation.framework; path = System/Library/Frameworks/Foundation.framework; sourceTree = SDKROOT; };
		E911BCB718B2FCC900D8B8EC /* CoreGraphics.framework */ = {isa = PBXFileReference; lastKnownFileType = wrapper.framework; name = CoreGraphics.framework; path = System/Library/Frameworks/CoreGraphics.framework; sourceTree = SDKROOT; };
		E911BCB918B2FCC900D8B8EC /* UIKit.framework */ = {isa = PBXFileReference; lastKnownFileType = wrapper.framework; name = UIKit.framework; path = System/Library/Frameworks/UIKit.framework; sourceTree = SDKROOT; };
		E911BCBB18B2FCC900D8B8EC /* SpriteKit.framework */ = {isa = PBXFileReference; lastKnownFileType = wrapper.framework; name = SpriteKit.framework; path = System/Library/Frameworks/SpriteKit.framework; sourceTree = SDKROOT; };
		E911BCBF18B2FCC900D8B8EC /* Here Fishy Fishy-Info.plist */ = {isa = PBXFileReference; lastKnownFileType = text.plist.xml; path = "Here Fishy Fishy-Info.plist"; sourceTree = "<group>"; };
		E911BCC118B2FCC900D8B8EC /* en */ = {isa = PBXFileReference; lastKnownFileType = text.plist.strings; name = en; path = en.lproj/InfoPlist.strings; sourceTree = "<group>"; };
		E911BCC318B2FCC900D8B8EC /* main.m */ = {isa = PBXFileReference; lastKnownFileType = sourcecode.c.objc; path = main.m; sourceTree = "<group>"; };
		E911BCC518B2FCC900D8B8EC /* Here Fishy Fishy-Prefix.pch */ = {isa = PBXFileReference; lastKnownFileType = sourcecode.c.h; path = "Here Fishy Fishy-Prefix.pch"; sourceTree = "<group>"; };
		E911BCC618B2FCC900D8B8EC /* HFFAppDelegate.h */ = {isa = PBXFileReference; lastKnownFileType = sourcecode.c.h; path = HFFAppDelegate.h; sourceTree = "<group>"; };
		E911BCC718B2FCC900D8B8EC /* HFFAppDelegate.m */ = {isa = PBXFileReference; lastKnownFileType = sourcecode.c.objc; path = HFFAppDelegate.m; sourceTree = "<group>"; };
		E911BCCA18B2FCC900D8B8EC /* Base */ = {isa = PBXFileReference; lastKnownFileType = file.storyboard; name = Base; path = Base.lproj/Main.storyboard; sourceTree = "<group>"; };
		E911BCCC18B2FCC900D8B8EC /* HFFViewController.h */ = {isa = PBXFileReference; lastKnownFileType = sourcecode.c.h; path = HFFViewController.h; sourceTree = "<group>"; };
		E911BCCD18B2FCC900D8B8EC /* HFFViewController.m */ = {isa = PBXFileReference; lastKnownFileType = sourcecode.c.objc; path = HFFViewController.m; sourceTree = "<group>"; };
		E911BCCF18B2FCC900D8B8EC /* HFFScene.h */ = {isa = PBXFileReference; lastKnownFileType = sourcecode.c.h; path = HFFScene.h; sourceTree = "<group>"; };
		E911BCD018B2FCC900D8B8EC /* HFFScene.m */ = {isa = PBXFileReference; lastKnownFileType = sourcecode.c.objc; path = HFFScene.m; sourceTree = "<group>"; };
		E911BCD218B2FCC900D8B8EC /* Spaceship.png */ = {isa = PBXFileReference; lastKnownFileType = image.png; path = Spaceship.png; sourceTree = "<group>"; };
		E911BCD418B2FCC900D8B8EC /* Images.xcassets */ = {isa = PBXFileReference; lastKnownFileType = folder.assetcatalog; path = Images.xcassets; sourceTree = "<group>"; };
		E911BCDA18B2FCC900D8B8EC /* Here Fishy FishyTests.xctest */ = {isa = PBXFileReference; explicitFileType = wrapper.cfbundle; includeInIndex = 0; path = "Here Fishy FishyTests.xctest"; sourceTree = BUILT_PRODUCTS_DIR; };
		E911BD8A18B4364900D8B8EC /* SKUtils.framework */ = {isa = PBXFileReference; lastKnownFileType = wrapper.framework; name = SKUtils.framework; path = ../SKUtils/Products/SKUtils.framework; sourceTree = "<group>"; };
		E91C281018B6F01800DD5256 /* obstacle-weeds.png */ = {isa = PBXFileReference; lastKnownFileType = image.png; path = "obstacle-weeds.png"; sourceTree = "<group>"; };
		E91C281118B6F01800DD5256 /* obstacle-weeds@2x.png */ = {isa = PBXFileReference; lastKnownFileType = image.png; path = "obstacle-weeds@2x.png"; sourceTree = "<group>"; };
		E925096A18BA674A00612051 /* GameKit.framework */ = {isa = PBXFileReference; lastKnownFileType = wrapper.framework; name = GameKit.framework; path = System/Library/Frameworks/GameKit.framework; sourceTree = SDKROOT; };
		E925097518BA84B700612051 /* AppSpecificValues.h */ = {isa = PBXFileReference; fileEncoding = 4; lastKnownFileType = sourcecode.c.h; path = AppSpecificValues.h; sourceTree = "<group>"; };
		E925097618BA84B700612051 /* GameCenterManager.h */ = {isa = PBXFileReference; fileEncoding = 4; lastKnownFileType = sourcecode.c.h; path = GameCenterManager.h; sourceTree = "<group>"; };
		E925097718BA84B700612051 /* GameCenterManager.m */ = {isa = PBXFileReference; fileEncoding = 4; lastKnownFileType = sourcecode.c.objc; path = GameCenterManager.m; sourceTree = "<group>"; };
		E925097918BA908F00612051 /* StoreKit.framework */ = {isa = PBXFileReference; lastKnownFileType = wrapper.framework; name = StoreKit.framework; path = System/Library/Frameworks/StoreKit.framework; sourceTree = SDKROOT; };
		E925097B18BA942700612051 /* scoreBackDrop@2x.png */ = {isa = PBXFileReference; lastKnownFileType = image.png; path = "scoreBackDrop@2x.png"; sourceTree = "<group>"; };
		E925097D18BAF46200612051 /* buy.png */ = {isa = PBXFileReference; lastKnownFileType = image.png; path = buy.png; sourceTree = "<group>"; };
		E925097E18BAF46200612051 /* rate.png */ = {isa = PBXFileReference; lastKnownFileType = image.png; path = rate.png; sourceTree = "<group>"; };
		E925097F18BAF46200612051 /* rate@2x.png */ = {isa = PBXFileReference; lastKnownFileType = image.png; path = "rate@2x.png"; sourceTree = "<group>"; };
		E925098018BAF46200612051 /* buy@2x.png */ = {isa = PBXFileReference; lastKnownFileType = image.png; path = "buy@2x.png"; sourceTree = "<group>"; };
		E925098518BCFF2700612051 /* InAppPurchaseHelper.h */ = {isa = PBXFileReference; fileEncoding = 4; lastKnownFileType = sourcecode.c.h; path = InAppPurchaseHelper.h; sourceTree = "<group>"; };
		E925098618BCFF2700612051 /* InAppPurchaseHelper.m */ = {isa = PBXFileReference; fileEncoding = 4; lastKnownFileType = sourcecode.c.objc; path = InAppPurchaseHelper.m; sourceTree = "<group>"; };
		E925098818BD00D600612051 /* HFFInAppPurchaseHelper.h */ = {isa = PBXFileReference; fileEncoding = 4; lastKnownFileType = sourcecode.c.h; path = HFFInAppPurchaseHelper.h; sourceTree = "<group>"; };
		E925098918BD00D600612051 /* HFFInAppPurchaseHelper.m */ = {isa = PBXFileReference; fileEncoding = 4; lastKnownFileType = sourcecode.c.objc; path = HFFInAppPurchaseHelper.m; sourceTree = "<group>"; };
		E9AE8EF918B51DAD00132D48 /* fish-0.png */ = {isa = PBXFileReference; lastKnownFileType = image.png; path = "fish-0.png"; sourceTree = "<group>"; };
		E9AE8EFA18B51DAD00132D48 /* fish-0@2x.png */ = {isa = PBXFileReference; lastKnownFileType = image.png; path = "fish-0@2x.png"; sourceTree = "<group>"; };
		E9AE8EFB18B51DAD00132D48 /* fish-1.png */ = {isa = PBXFileReference; lastKnownFileType = image.png; path = "fish-1.png"; sourceTree = "<group>"; };
		E9AE8EFC18B51DAD00132D48 /* fish-1@2x.png */ = {isa = PBXFileReference; lastKnownFileType = image.png; path = "fish-1@2x.png"; sourceTree = "<group>"; };
		E9AE8EFD18B51DAD00132D48 /* fish-dead.png */ = {isa = PBXFileReference; lastKnownFileType = image.png; path = "fish-dead.png"; sourceTree = "<group>"; };
		E9AE8EFE18B51DAD00132D48 /* fish-dead@2x.png */ = {isa = PBXFileReference; lastKnownFileType = image.png; path = "fish-dead@2x.png"; sourceTree = "<group>"; };
		E9AE8EFF18B51DAD00132D48 /* foreground.png */ = {isa = PBXFileReference; lastKnownFileType = image.png; path = foreground.png; sourceTree = "<group>"; };
		E9AE8F0018B51DAD00132D48 /* foreground@2x.png */ = {isa = PBXFileReference; lastKnownFileType = image.png; path = "foreground@2x.png"; sourceTree = "<group>"; };
		E9AE8F0D18B5267800132D48 /* background.png */ = {isa = PBXFileReference; lastKnownFileType = image.png; path = background.png; sourceTree = "<group>"; };
		E9AE8F0E18B5267800132D48 /* background@2x.png */ = {isa = PBXFileReference; lastKnownFileType = image.png; path = "background@2x.png"; sourceTree = "<group>"; };
		E9AE8F1118B5294400132D48 /* obstacle.png */ = {isa = PBXFileReference; lastKnownFileType = image.png; path = obstacle.png; sourceTree = "<group>"; };
		E9AE8F1218B5294400132D48 /* obstacle@2x.png */ = {isa = PBXFileReference; lastKnownFileType = image.png; path = "obstacle@2x.png"; sourceTree = "<group>"; };
		E9AE8F1518B5595F00132D48 /* foreground-fancy.png */ = {isa = PBXFileReference; lastKnownFileType = image.png; path = "foreground-fancy.png"; sourceTree = "<group>"; };
		E9AE8F1618B5595F00132D48 /* foreground-fancy@2x.png */ = {isa = PBXFileReference; lastKnownFileType = image.png; path = "foreground-fancy@2x.png"; sourceTree = "<group>"; };
		E9B48EBE18B7095A00B50B7E /* iAd.framework */ = {isa = PBXFileReference; lastKnownFileType = wrapper.framework; name = iAd.framework; path = System/Library/Frameworks/iAd.framework; sourceTree = SDKROOT; };
		E9B48EC018B783CE00B50B7E /* playButton@2x.png */ = {isa = PBXFileReference; lastKnownFileType = image.png; path = "playButton@2x.png"; sourceTree = "<group>"; };
		E9B48EC118B783CE00B50B7E /* playButton.png */ = {isa = PBXFileReference; lastKnownFileType = image.png; path = playButton.png; sourceTree = "<group>"; };
		E9B48EC218B783CE00B50B7E /* pause@2x.png */ = {isa = PBXFileReference; lastKnownFileType = image.png; path = "pause@2x.png"; sourceTree = "<group>"; };
		E9B48EC318B783CE00B50B7E /* title.png */ = {isa = PBXFileReference; lastKnownFileType = image.png; path = title.png; sourceTree = "<group>"; };
		E9B48EC418B783CE00B50B7E /* tap.png */ = {isa = PBXFileReference; lastKnownFileType = image.png; path = tap.png; sourceTree = "<group>"; };
		E9B48EC518B783CE00B50B7E /* play.png */ = {isa = PBXFileReference; lastKnownFileType = image.png; path = play.png; sourceTree = "<group>"; };
		E9B48EC618B783CE00B50B7E /* play@2x.png */ = {isa = PBXFileReference; lastKnownFileType = image.png; path = "play@2x.png"; sourceTree = "<group>"; };
		E9B48EC718B783CE00B50B7E /* tap@2x.png */ = {isa = PBXFileReference; lastKnownFileType = image.png; path = "tap@2x.png"; sourceTree = "<group>"; };
		E9B48EC818B783CE00B50B7E /* title@2x.png */ = {isa = PBXFileReference; lastKnownFileType = image.png; path = "title@2x.png"; sourceTree = "<group>"; };
		E9B48ED218B7F79F00B50B7E /* title-fancy.png */ = {isa = PBXFileReference; lastKnownFileType = image.png; path = "title-fancy.png"; sourceTree = "<group>"; };
		E9B48ED318B7F79F00B50B7E /* title-fancy@2x.png */ = {isa = PBXFileReference; lastKnownFileType = image.png; path = "title-fancy@2x.png"; sourceTree = "<group>"; };
		E9B48ED618B808CD00B50B7E /* gameOver.png */ = {isa = PBXFileReference; lastKnownFileType = image.png; path = gameOver.png; sourceTree = "<group>"; };
		E9B48ED718B808CD00B50B7E /* gameOver@2x.png */ = {isa = PBXFileReference; lastKnownFileType = image.png; path = "gameOver@2x.png"; sourceTree = "<group>"; };
		E9B48EDA18B81B5800B50B7E /* button.png */ = {isa = PBXFileReference; lastKnownFileType = image.png; path = button.png; sourceTree = "<group>"; };
		E9B48EDB18B81B5800B50B7E /* ok.png */ = {isa = PBXFileReference; lastKnownFileType = image.png; path = ok.png; sourceTree = "<group>"; };
		E9B48EDC18B81B5800B50B7E /* share.png */ = {isa = PBXFileReference; lastKnownFileType = image.png; path = share.png; sourceTree = "<group>"; };
		E9B48EDD18B81B5800B50B7E /* button@2x.png */ = {isa = PBXFileReference; lastKnownFileType = image.png; path = "button@2x.png"; sourceTree = "<group>"; };
		E9B48EDE18B81B5800B50B7E /* ok@2x.png */ = {isa = PBXFileReference; lastKnownFileType = image.png; path = "ok@2x.png"; sourceTree = "<group>"; };
		E9B48EDF18B81B5800B50B7E /* share@2x.png */ = {isa = PBXFileReference; lastKnownFileType = image.png; path = "share@2x.png"; sourceTree = "<group>"; };
		E9B48EE618B81E6100B50B7E /* Karmatic Arcade.otf */ = {isa = PBXFileReference; lastKnownFileType = file; path = "Karmatic Arcade.otf"; sourceTree = "<group>"; };
		E9B48EE918B8243B00B50B7E /* scorecard.png */ = {isa = PBXFileReference; lastKnownFileType = image.png; path = scorecard.png; sourceTree = "<group>"; };
		E9B48EEA18B8243B00B50B7E /* scorecard@2x.png */ = {isa = PBXFileReference; lastKnownFileType = image.png; path = "scorecard@2x.png"; sourceTree = "<group>"; };
		E9E4DF7A18BF891000EC8B48 /* KiipSDK.framework */ = {isa = PBXFileReference; lastKnownFileType = wrapper.framework; name = KiipSDK.framework; path = "../Kiip-iOS-SDK-v2.0.6 (1)/KiipSDK.framework"; sourceTree = "<group>"; };
		E9E4DF7C18BF891500EC8B48 /* CoreTelephony.framework */ = {isa = PBXFileReference; lastKnownFileType = wrapper.framework; name = CoreTelephony.framework; path = System/Library/Frameworks/CoreTelephony.framework; sourceTree = SDKROOT; };
		E9E4DF7E18BF892000EC8B48 /* AdSupport.framework */ = {isa = PBXFileReference; lastKnownFileType = wrapper.framework; name = AdSupport.framework; path = System/Library/Frameworks/AdSupport.framework; sourceTree = SDKROOT; };
		E9E4DF8018BF892700EC8B48 /* PassKit.framework */ = {isa = PBXFileReference; lastKnownFileType = wrapper.framework; name = PassKit.framework; path = System/Library/Frameworks/PassKit.framework; sourceTree = SDKROOT; };
		E9E4DF8218BF8B0C00EC8B48 /* SystemConfiguration.framework */ = {isa = PBXFileReference; lastKnownFileType = wrapper.framework; name = SystemConfiguration.framework; path = System/Library/Frameworks/SystemConfiguration.framework; sourceTree = SDKROOT; };
		E9E4DF8518BF98CD00EC8B48 /* Icon-40.png */ = {isa = PBXFileReference; lastKnownFileType = image.png; name = "Icon-40.png"; path = "Resources/AppIcons/Icon-40.png"; sourceTree = "<group>"; };
		E9E4DF8618BF98CD00EC8B48 /* Icon-40@2x.png */ = {isa = PBXFileReference; lastKnownFileType = image.png; name = "Icon-40@2x.png"; path = "Resources/AppIcons/Icon-40@2x.png"; sourceTree = "<group>"; };
		E9E4DF8718BF98CD00EC8B48 /* Icon-60.png */ = {isa = PBXFileReference; lastKnownFileType = image.png; name = "Icon-60.png"; path = "Resources/AppIcons/Icon-60.png"; sourceTree = "<group>"; };
		E9E4DF8818BF98CD00EC8B48 /* Icon-60@2x.png */ = {isa = PBXFileReference; lastKnownFileType = image.png; name = "Icon-60@2x.png"; path = "Resources/AppIcons/Icon-60@2x.png"; sourceTree = "<group>"; };
		E9E4DF8918BF98CD00EC8B48 /* Icon-Small.png */ = {isa = PBXFileReference; lastKnownFileType = image.png; name = "Icon-Small.png"; path = "Resources/AppIcons/Icon-Small.png"; sourceTree = "<group>"; };
		E9E4DF8A18BF98CD00EC8B48 /* Icon-Small@2x.png */ = {isa = PBXFileReference; lastKnownFileType = image.png; name = "Icon-Small@2x.png"; path = "Resources/AppIcons/Icon-Small@2x.png"; sourceTree = "<group>"; };
		E9E4DF8B18BF98CD00EC8B48 /* Icon.png */ = {isa = PBXFileReference; lastKnownFileType = image.png; name = Icon.png; path = Resources/AppIcons/Icon.png; sourceTree = "<group>"; };
		E9E4DF8C18BF98CD00EC8B48 /* Icon@2x.png */ = {isa = PBXFileReference; lastKnownFileType = image.png; name = "Icon@2x.png"; path = "Resources/AppIcons/Icon@2x.png"; sourceTree = "<group>"; };
		E9E4DF8D18BF98CD00EC8B48 /* iTunesArtwork.png */ = {isa = PBXFileReference; lastKnownFileType = image.png; name = iTunesArtwork.png; path = Resources/AppIcons/iTunesArtwork.png; sourceTree = "<group>"; };
		E9E4DF8E18BF98CD00EC8B48 /* iTunesArtwork@2x.png */ = {isa = PBXFileReference; lastKnownFileType = image.png; name = "iTunesArtwork@2x.png"; path = "Resources/AppIcons/iTunesArtwork@2x.png"; sourceTree = "<group>"; };
		E9E4DF9918BF992400EC8B48 /* Icon-72.png */ = {isa = PBXFileReference; lastKnownFileType = image.png; name = "Icon-72.png"; path = "Resources/AppIcons/Icon-72.png"; sourceTree = "<group>"; };
		E9E4DF9A18BF992400EC8B48 /* Icon-72@2x.png */ = {isa = PBXFileReference; lastKnownFileType = image.png; name = "Icon-72@2x.png"; path = "Resources/AppIcons/Icon-72@2x.png"; sourceTree = "<group>"; };
		E9E4DF9B18BF992400EC8B48 /* Icon-76.png */ = {isa = PBXFileReference; lastKnownFileType = image.png; name = "Icon-76.png"; path = "Resources/AppIcons/Icon-76.png"; sourceTree = "<group>"; };
		E9E4DF9C18BF992400EC8B48 /* Icon-76@2x.png */ = {isa = PBXFileReference; lastKnownFileType = image.png; name = "Icon-76@2x.png"; path = "Resources/AppIcons/Icon-76@2x.png"; sourceTree = "<group>"; };
		E9E4DF9D18BF992400EC8B48 /* Icon-Small-50.png */ = {isa = PBXFileReference; lastKnownFileType = image.png; name = "Icon-Small-50.png"; path = "Resources/AppIcons/Icon-Small-50.png"; sourceTree = "<group>"; };
		E9E4DF9E18BF992400EC8B48 /* Icon-Small-50@2x.png */ = {isa = PBXFileReference; lastKnownFileType = image.png; name = "Icon-Small-50@2x.png"; path = "Resources/AppIcons/Icon-Small-50@2x.png"; sourceTree = "<group>"; };
/* End PBXFileReference section */

/* Begin PBXFrameworksBuildPhase section */
		E911BCAF18B2FCC900D8B8EC /* Frameworks */ = {
			isa = PBXFrameworksBuildPhase;
			buildActionMask = 2147483647;
			files = (
				E9E4DF8318BF8B0C00EC8B48 /* SystemConfiguration.framework in Frameworks */,
				E9E4DF8118BF892700EC8B48 /* PassKit.framework in Frameworks */,
				E9E4DF7F18BF892000EC8B48 /* AdSupport.framework in Frameworks */,
				E9E4DF7D18BF891500EC8B48 /* CoreTelephony.framework in Frameworks */,
				E9E4DF7B18BF891000EC8B48 /* KiipSDK.framework in Frameworks */,
				E925096B18BA674A00612051 /* GameKit.framework in Frameworks */,
				E9B48EBF18B7095A00B50B7E /* iAd.framework in Frameworks */,
				E911BD8B18B4364900D8B8EC /* SKUtils.framework in Frameworks */,
				E925097A18BA908F00612051 /* StoreKit.framework in Frameworks */,
				E911BCB818B2FCC900D8B8EC /* CoreGraphics.framework in Frameworks */,
				E911BCBA18B2FCC900D8B8EC /* UIKit.framework in Frameworks */,
				E911BCBC18B2FCC900D8B8EC /* SpriteKit.framework in Frameworks */,
				E911BCB618B2FCC900D8B8EC /* Foundation.framework in Frameworks */,
			);
			runOnlyForDeploymentPostprocessing = 0;
		};
		E911BCD718B2FCC900D8B8EC /* Frameworks */ = {
			isa = PBXFrameworksBuildPhase;
			buildActionMask = 2147483647;
			files = (
				E911BCDE18B2FCC900D8B8EC /* UIKit.framework in Frameworks */,
				E911BCDD18B2FCC900D8B8EC /* Foundation.framework in Frameworks */,
			);
			runOnlyForDeploymentPostprocessing = 0;
		};
/* End PBXFrameworksBuildPhase section */

/* Begin PBXGroup section */
		E911BCA918B2FCC900D8B8EC = {
			isa = PBXGroup;
			children = (
				E911BCBD18B2FCC900D8B8EC /* Here Fishy Fishy */,
				E911BCB418B2FCC900D8B8EC /* Frameworks */,
				E911BCB318B2FCC900D8B8EC /* Products */,
			);
			sourceTree = "<group>";
		};
		E911BCB318B2FCC900D8B8EC /* Products */ = {
			isa = PBXGroup;
			children = (
				E911BCB218B2FCC900D8B8EC /* Here Fishy Fishy.app */,
				E911BCDA18B2FCC900D8B8EC /* Here Fishy FishyTests.xctest */,
			);
			name = Products;
			sourceTree = "<group>";
		};
		E911BCB418B2FCC900D8B8EC /* Frameworks */ = {
			isa = PBXGroup;
			children = (
				E9E4DF8218BF8B0C00EC8B48 /* SystemConfiguration.framework */,
				E9E4DF8018BF892700EC8B48 /* PassKit.framework */,
				E9E4DF7E18BF892000EC8B48 /* AdSupport.framework */,
				E9E4DF7C18BF891500EC8B48 /* CoreTelephony.framework */,
				E9E4DF7A18BF891000EC8B48 /* KiipSDK.framework */,
				E925097918BA908F00612051 /* StoreKit.framework */,
				E925096A18BA674A00612051 /* GameKit.framework */,
				E9B48EBE18B7095A00B50B7E /* iAd.framework */,
				E911BD8A18B4364900D8B8EC /* SKUtils.framework */,
				E911BCB518B2FCC900D8B8EC /* Foundation.framework */,
				E911BCB718B2FCC900D8B8EC /* CoreGraphics.framework */,
				E911BCB918B2FCC900D8B8EC /* UIKit.framework */,
				E911BCBB18B2FCC900D8B8EC /* SpriteKit.framework */,
			);
			name = Frameworks;
			sourceTree = "<group>";
		};
		E911BCBD18B2FCC900D8B8EC /* Here Fishy Fishy */ = {
			isa = PBXGroup;
			children = (
				E925097518BA84B700612051 /* AppSpecificValues.h */,
				E925097618BA84B700612051 /* GameCenterManager.h */,
				E925097718BA84B700612051 /* GameCenterManager.m */,
				E9AE8F1518B5595F00132D48 /* foreground-fancy.png */,
				E9AE8F1618B5595F00132D48 /* foreground-fancy@2x.png */,
				E911BCC618B2FCC900D8B8EC /* HFFAppDelegate.h */,
				E911BCC718B2FCC900D8B8EC /* HFFAppDelegate.m */,
				E911BCC918B2FCC900D8B8EC /* Main.storyboard */,
				E911BCCC18B2FCC900D8B8EC /* HFFViewController.h */,
				E911BCCD18B2FCC900D8B8EC /* HFFViewController.m */,
				E911BCCF18B2FCC900D8B8EC /* HFFScene.h */,
				E911BCD018B2FCC900D8B8EC /* HFFScene.m */,
				E911BCD218B2FCC900D8B8EC /* Spaceship.png */,
				E911BCD418B2FCC900D8B8EC /* Images.xcassets */,
				E9B48EE818B81EFD00B50B7E /* Resources */,
				E911BCBE18B2FCC900D8B8EC /* Supporting Files */,
				E925098518BCFF2700612051 /* InAppPurchaseHelper.h */,
				E925098618BCFF2700612051 /* InAppPurchaseHelper.m */,
				E925098818BD00D600612051 /* HFFInAppPurchaseHelper.h */,
				E925098918BD00D600612051 /* HFFInAppPurchaseHelper.m */,
			);
			path = "Here Fishy Fishy";
			sourceTree = "<group>";
		};
		E911BCBE18B2FCC900D8B8EC /* Supporting Files */ = {
			isa = PBXGroup;
			children = (
				E911BCBF18B2FCC900D8B8EC /* Here Fishy Fishy-Info.plist */,
				E911BCC018B2FCC900D8B8EC /* InfoPlist.strings */,
				E911BCC318B2FCC900D8B8EC /* main.m */,
				E911BCC518B2FCC900D8B8EC /* Here Fishy Fishy-Prefix.pch */,
			);
			name = "Supporting Files";
			sourceTree = "<group>";
		};
		E9B48EE818B81EFD00B50B7E /* Resources */ = {
			isa = PBXGroup;
			children = (
				E9E4DF8418BF987100EC8B48 /* AppIcons */,
				E925097B18BA942700612051 /* scoreBackDrop@2x.png */,
				E9B48EE618B81E6100B50B7E /* Karmatic Arcade.otf */,
				E925097D18BAF46200612051 /* buy.png */,
				E925097E18BAF46200612051 /* rate.png */,
				E925097F18BAF46200612051 /* rate@2x.png */,
				E925098018BAF46200612051 /* buy@2x.png */,
				E9B48EE918B8243B00B50B7E /* scorecard.png */,
				E9B48EEA18B8243B00B50B7E /* scorecard@2x.png */,
				E9B48EDA18B81B5800B50B7E /* button.png */,
				E9B48EDB18B81B5800B50B7E /* ok.png */,
				E9B48EDC18B81B5800B50B7E /* share.png */,
				E9B48EDD18B81B5800B50B7E /* button@2x.png */,
				E9B48EDE18B81B5800B50B7E /* ok@2x.png */,
				E9B48EDF18B81B5800B50B7E /* share@2x.png */,
				E9B48ED618B808CD00B50B7E /* gameOver.png */,
				E9B48ED718B808CD00B50B7E /* gameOver@2x.png */,
				E9B48ED218B7F79F00B50B7E /* title-fancy.png */,
				E9B48ED318B7F79F00B50B7E /* title-fancy@2x.png */,
				E9AE8F1118B5294400132D48 /* obstacle.png */,
				E9AE8F1218B5294400132D48 /* obstacle@2x.png */,
				E91C281018B6F01800DD5256 /* obstacle-weeds.png */,
				E91C281118B6F01800DD5256 /* obstacle-weeds@2x.png */,
				E9AE8F0D18B5267800132D48 /* background.png */,
				E9AE8F0E18B5267800132D48 /* background@2x.png */,
				E9AE8EF918B51DAD00132D48 /* fish-0.png */,
				E9AE8EFA18B51DAD00132D48 /* fish-0@2x.png */,
				E9AE8EFB18B51DAD00132D48 /* fish-1.png */,
				E9AE8EFC18B51DAD00132D48 /* fish-1@2x.png */,
				E9AE8EFD18B51DAD00132D48 /* fish-dead.png */,
				E9AE8EFE18B51DAD00132D48 /* fish-dead@2x.png */,
				E9AE8EFF18B51DAD00132D48 /* foreground.png */,
				E9AE8F0018B51DAD00132D48 /* foreground@2x.png */,
				E9B48EC018B783CE00B50B7E /* playButton@2x.png */,
				E9B48EC118B783CE00B50B7E /* playButton.png */,
				E9B48EC218B783CE00B50B7E /* pause@2x.png */,
				E9B48EC318B783CE00B50B7E /* title.png */,
				E9B48EC418B783CE00B50B7E /* tap.png */,
				E9B48EC518B783CE00B50B7E /* play.png */,
				E9B48EC618B783CE00B50B7E /* play@2x.png */,
				E9B48EC718B783CE00B50B7E /* tap@2x.png */,
				E9B48EC818B783CE00B50B7E /* title@2x.png */,
			);
			name = Resources;
			sourceTree = "<group>";
		};
		E9E4DF8418BF987100EC8B48 /* AppIcons */ = {
			isa = PBXGroup;
			children = (
				E9E4DF9918BF992400EC8B48 /* Icon-72.png */,
				E9E4DF9A18BF992400EC8B48 /* Icon-72@2x.png */,
				E9E4DF9B18BF992400EC8B48 /* Icon-76.png */,
				E9E4DF9C18BF992400EC8B48 /* Icon-76@2x.png */,
				E9E4DF9D18BF992400EC8B48 /* Icon-Small-50.png */,
				E9E4DF9E18BF992400EC8B48 /* Icon-Small-50@2x.png */,
				E9E4DF8518BF98CD00EC8B48 /* Icon-40.png */,
				E9E4DF8618BF98CD00EC8B48 /* Icon-40@2x.png */,
				E9E4DF8718BF98CD00EC8B48 /* Icon-60.png */,
				E9E4DF8818BF98CD00EC8B48 /* Icon-60@2x.png */,
				E9E4DF8918BF98CD00EC8B48 /* Icon-Small.png */,
				E9E4DF8A18BF98CD00EC8B48 /* Icon-Small@2x.png */,
				E9E4DF8B18BF98CD00EC8B48 /* Icon.png */,
				E9E4DF8C18BF98CD00EC8B48 /* Icon@2x.png */,
				E9E4DF8D18BF98CD00EC8B48 /* iTunesArtwork.png */,
				E9E4DF8E18BF98CD00EC8B48 /* iTunesArtwork@2x.png */,
			);
			name = AppIcons;
			sourceTree = "<group>";
		};
/* End PBXGroup section */

/* Begin PBXNativeTarget section */
		E911BCB118B2FCC900D8B8EC /* Here Fishy Fishy */ = {
			isa = PBXNativeTarget;
			buildConfigurationList = E911BCEB18B2FCC900D8B8EC /* Build configuration list for PBXNativeTarget "Here Fishy Fishy" */;
			buildPhases = (
				E911BCAE18B2FCC900D8B8EC /* Sources */,
				E911BCAF18B2FCC900D8B8EC /* Frameworks */,
				E911BCB018B2FCC900D8B8EC /* Resources */,
			);
			buildRules = (
			);
			dependencies = (
			);
			name = "Here Fishy Fishy";
			productName = "Here Fishy Fishy";
			productReference = E911BCB218B2FCC900D8B8EC /* Here Fishy Fishy.app */;
			productType = "com.apple.product-type.application";
		};
		E911BCD918B2FCC900D8B8EC /* Here Fishy FishyTests */ = {
			isa = PBXNativeTarget;
			buildConfigurationList = E911BCEE18B2FCC900D8B8EC /* Build configuration list for PBXNativeTarget "Here Fishy FishyTests" */;
			buildPhases = (
				E911BCD618B2FCC900D8B8EC /* Sources */,
				E911BCD718B2FCC900D8B8EC /* Frameworks */,
				E911BCD818B2FCC900D8B8EC /* Resources */,
			);
			buildRules = (
			);
			dependencies = (
				E911BCE018B2FCC900D8B8EC /* PBXTargetDependency */,
			);
			name = "Here Fishy FishyTests";
			productName = "Here Fishy FishyTests";
			productReference = E911BCDA18B2FCC900D8B8EC /* Here Fishy FishyTests.xctest */;
			productType = "com.apple.product-type.bundle.unit-test";
		};
/* End PBXNativeTarget section */

/* Begin PBXProject section */
		E911BCAA18B2FCC900D8B8EC /* Project object */ = {
			isa = PBXProject;
			attributes = {
				CLASSPREFIX = HFF;
				LastUpgradeCheck = 0500;
				ORGANIZATIONNAME = traversoft;
				TargetAttributes = {
					E911BCB118B2FCC900D8B8EC = {
						DevelopmentTeam = R6DBXFJ3X5;
						SystemCapabilities = {
							com.apple.InAppPurchase = {
								enabled = 1;
							};
						};
					};
					E911BCD918B2FCC900D8B8EC = {
						TestTargetID = E911BCB118B2FCC900D8B8EC;
					};
				};
			};
			buildConfigurationList = E911BCAD18B2FCC900D8B8EC /* Build configuration list for PBXProject "Here Fishy Fishy" */;
			compatibilityVersion = "Xcode 3.2";
			developmentRegion = English;
			hasScannedForEncodings = 0;
			knownRegions = (
				en,
				Base,
			);
			mainGroup = E911BCA918B2FCC900D8B8EC;
			productRefGroup = E911BCB318B2FCC900D8B8EC /* Products */;
			projectDirPath = "";
			projectRoot = "";
			targets = (
				E911BCB118B2FCC900D8B8EC /* Here Fishy Fishy */,
				E911BCD918B2FCC900D8B8EC /* Here Fishy FishyTests */,
			);
		};
/* End PBXProject section */

/* Begin PBXResourcesBuildPhase section */
		E911BCB018B2FCC900D8B8EC /* Resources */ = {
			isa = PBXResourcesBuildPhase;
			buildActionMask = 2147483647;
			files = (
				E9E4DF9518BF98CD00EC8B48 /* Icon.png in Resources */,
				E9B48EE118B81B5800B50B7E /* ok.png in Resources */,
				E9AE8F1318B5294400132D48 /* obstacle.png in Resources */,
				E9B48ECD18B783CE00B50B7E /* tap.png in Resources */,
				E9B48ED518B7F79F00B50B7E /* title-fancy@2x.png in Resources */,
				E9E4DF9018BF98CD00EC8B48 /* Icon-40@2x.png in Resources */,
				E9B48ECF18B783CE00B50B7E /* play@2x.png in Resources */,
				E9E4DFA218BF992400EC8B48 /* Icon-76@2x.png in Resources */,
				E9B48ECA18B783CE00B50B7E /* playButton.png in Resources */,
				E9E4DFA418BF992400EC8B48 /* Icon-Small-50@2x.png in Resources */,
				E9B48ED018B783CE00B50B7E /* tap@2x.png in Resources */,
				E9AE8F0618B51DAD00132D48 /* fish-dead@2x.png in Resources */,
				E9E4DF8F18BF98CD00EC8B48 /* Icon-40.png in Resources */,
				E9E4DF9118BF98CD00EC8B48 /* Icon-60.png in Resources */,
				E9B48EE018B81B5800B50B7E /* button.png in Resources */,
				E9E4DF9818BF98CD00EC8B48 /* iTunesArtwork@2x.png in Resources */,
				E925098418BAF46200612051 /* buy@2x.png in Resources */,
				E9B48ED418B7F79F00B50B7E /* title-fancy.png in Resources */,
				E9AE8F0718B51DAD00132D48 /* foreground.png in Resources */,
				E9E4DFA118BF992400EC8B48 /* Icon-76.png in Resources */,
				E9AE8F0F18B5267800132D48 /* background.png in Resources */,
				E9E4DF9418BF98CD00EC8B48 /* Icon-Small@2x.png in Resources */,
				E9E4DF9318BF98CD00EC8B48 /* Icon-Small.png in Resources */,
				E9B48ECB18B783CE00B50B7E /* pause@2x.png in Resources */,
				E9B48ED918B808CD00B50B7E /* gameOver@2x.png in Resources */,
				E9B48EE718B81E6100B50B7E /* Karmatic Arcade.otf in Resources */,
				E9B48ED118B783CE00B50B7E /* title@2x.png in Resources */,
				E911BCC218B2FCC900D8B8EC /* InfoPlist.strings in Resources */,
				E9B48EE418B81B5900B50B7E /* ok@2x.png in Resources */,
				E9AE8F0118B51DAD00132D48 /* fish-0.png in Resources */,
				E9AE8F0518B51DAD00132D48 /* fish-dead.png in Resources */,
				E9AE8F0818B51DAD00132D48 /* foreground@2x.png in Resources */,
				E9B48EE218B81B5800B50B7E /* share.png in Resources */,
				E9E4DF9218BF98CD00EC8B48 /* Icon-60@2x.png in Resources */,
				E9B48ECE18B783CE00B50B7E /* play.png in Resources */,
				E9AE8F0418B51DAD00132D48 /* fish-1@2x.png in Resources */,
				E9B48EE518B81B5900B50B7E /* share@2x.png in Resources */,
				E9AE8F1418B5294400132D48 /* obstacle@2x.png in Resources */,
				E9E4DFA018BF992400EC8B48 /* Icon-72@2x.png in Resources */,
				E9AE8F1718B5595F00132D48 /* foreground-fancy.png in Resources */,
				E9B48EE318B81B5800B50B7E /* button@2x.png in Resources */,
				E925097C18BA942700612051 /* scoreBackDrop@2x.png in Resources */,
				E91C281218B6F01800DD5256 /* obstacle-weeds.png in Resources */,
				E9E4DF9718BF98CD00EC8B48 /* iTunesArtwork.png in Resources */,
				E9B48ED818B808CD00B50B7E /* gameOver.png in Resources */,
				E9B48ECC18B783CE00B50B7E /* title.png in Resources */,
				E91C281318B6F01800DD5256 /* obstacle-weeds@2x.png in Resources */,
				E925098218BAF46200612051 /* rate.png in Resources */,
				E911BCD518B2FCC900D8B8EC /* Images.xcassets in Resources */,
				E9E4DF9F18BF992400EC8B48 /* Icon-72.png in Resources */,
				E925098118BAF46200612051 /* buy.png in Resources */,
				E925098318BAF46200612051 /* rate@2x.png in Resources */,
				E9AE8F0318B51DAD00132D48 /* fish-1.png in Resources */,
				E9B48EEB18B8243B00B50B7E /* scorecard.png in Resources */,
				E9B48EC918B783CE00B50B7E /* playButton@2x.png in Resources */,
				E9AE8F1018B5267800132D48 /* background@2x.png in Resources */,
				E9E4DF9618BF98CD00EC8B48 /* Icon@2x.png in Resources */,
				E911BCD318B2FCC900D8B8EC /* Spaceship.png in Resources */,
				E911BCCB18B2FCC900D8B8EC /* Main.storyboard in Resources */,
				E9B48EEC18B8243B00B50B7E /* scorecard@2x.png in Resources */,
				E9E4DFA318BF992400EC8B48 /* Icon-Small-50.png in Resources */,
				E9AE8F0218B51DAD00132D48 /* fish-0@2x.png in Resources */,
				E9AE8F1818B5595F00132D48 /* foreground-fancy@2x.png in Resources */,
			);
			runOnlyForDeploymentPostprocessing = 0;
		};
		E911BCD818B2FCC900D8B8EC /* Resources */ = {
			isa = PBXResourcesBuildPhase;
			buildActionMask = 2147483647;
			files = (
			);
			runOnlyForDeploymentPostprocessing = 0;
		};
/* End PBXResourcesBuildPhase section */

/* Begin PBXSourcesBuildPhase section */
		E911BCAE18B2FCC900D8B8EC /* Sources */ = {
			isa = PBXSourcesBuildPhase;
			buildActionMask = 2147483647;
			files = (
				E911BCCE18B2FCC900D8B8EC /* HFFViewController.m in Sources */,
				E925097818BA84B700612051 /* GameCenterManager.m in Sources */,
				E925098A18BD00D600612051 /* HFFInAppPurchaseHelper.m in Sources */,
				E911BCC418B2FCC900D8B8EC /* main.m in Sources */,
				E911BCC818B2FCC900D8B8EC /* HFFAppDelegate.m in Sources */,
				E925098718BCFF2700612051 /* InAppPurchaseHelper.m in Sources */,
				E911BCD118B2FCC900D8B8EC /* HFFScene.m in Sources */,
			);
			runOnlyForDeploymentPostprocessing = 0;
		};
		E911BCD618B2FCC900D8B8EC /* Sources */ = {
			isa = PBXSourcesBuildPhase;
			buildActionMask = 2147483647;
			files = (
			);
			runOnlyForDeploymentPostprocessing = 0;
		};
/* End PBXSourcesBuildPhase section */

/* Begin PBXTargetDependency section */
		E911BCE018B2FCC900D8B8EC /* PBXTargetDependency */ = {
			isa = PBXTargetDependency;
			target = E911BCB118B2FCC900D8B8EC /* Here Fishy Fishy */;
			targetProxy = E911BCDF18B2FCC900D8B8EC /* PBXContainerItemProxy */;
		};
/* End PBXTargetDependency section */

/* Begin PBXVariantGroup section */
		E911BCC018B2FCC900D8B8EC /* InfoPlist.strings */ = {
			isa = PBXVariantGroup;
			children = (
				E911BCC118B2FCC900D8B8EC /* en */,
			);
			name = InfoPlist.strings;
			sourceTree = "<group>";
		};
		E911BCC918B2FCC900D8B8EC /* Main.storyboard */ = {
			isa = PBXVariantGroup;
			children = (
				E911BCCA18B2FCC900D8B8EC /* Base */,
			);
			name = Main.storyboard;
			sourceTree = "<group>";
		};
/* End PBXVariantGroup section */

/* Begin XCBuildConfiguration section */
		E911BCE918B2FCC900D8B8EC /* Debug */ = {
			isa = XCBuildConfiguration;
			buildSettings = {
				ALWAYS_SEARCH_USER_PATHS = NO;
				ARCHS = "$(ARCHS_STANDARD_INCLUDING_64_BIT)";
				CLANG_CXX_LANGUAGE_STANDARD = "gnu++0x";
				CLANG_CXX_LIBRARY = "libc++";
				CLANG_ENABLE_MODULES = YES;
				CLANG_ENABLE_OBJC_ARC = YES;
				CLANG_WARN_BOOL_CONVERSION = YES;
				CLANG_WARN_CONSTANT_CONVERSION = YES;
				CLANG_WARN_DIRECT_OBJC_ISA_USAGE = YES_ERROR;
				CLANG_WARN_EMPTY_BODY = YES;
				CLANG_WARN_ENUM_CONVERSION = YES;
				CLANG_WARN_INT_CONVERSION = YES;
				CLANG_WARN_OBJC_ROOT_CLASS = YES_ERROR;
				CLANG_WARN__DUPLICATE_METHOD_MATCH = YES;
				"CODE_SIGN_IDENTITY[sdk=iphoneos*]" = "iPhone Developer";
				COPY_PHASE_STRIP = NO;
				GCC_C_LANGUAGE_STANDARD = gnu99;
				GCC_DYNAMIC_NO_PIC = NO;
				GCC_OPTIMIZATION_LEVEL = 0;
				GCC_PREPROCESSOR_DEFINITIONS = (
					"DEBUG=1",
					"$(inherited)",
				);
				GCC_SYMBOLS_PRIVATE_EXTERN = NO;
				GCC_WARN_64_TO_32_BIT_CONVERSION = YES;
				GCC_WARN_ABOUT_RETURN_TYPE = YES_ERROR;
				GCC_WARN_UNDECLARED_SELECTOR = YES;
				GCC_WARN_UNINITIALIZED_AUTOS = YES;
				GCC_WARN_UNUSED_FUNCTION = YES;
				GCC_WARN_UNUSED_VARIABLE = YES;
				IPHONEOS_DEPLOYMENT_TARGET = 7.0;
				ONLY_ACTIVE_ARCH = YES;
				SDKROOT = iphoneos;
			};
			name = Debug;
		};
		E911BCEA18B2FCC900D8B8EC /* Release */ = {
			isa = XCBuildConfiguration;
			buildSettings = {
				ALWAYS_SEARCH_USER_PATHS = NO;
				ARCHS = "$(ARCHS_STANDARD_INCLUDING_64_BIT)";
				CLANG_CXX_LANGUAGE_STANDARD = "gnu++0x";
				CLANG_CXX_LIBRARY = "libc++";
				CLANG_ENABLE_MODULES = YES;
				CLANG_ENABLE_OBJC_ARC = YES;
				CLANG_WARN_BOOL_CONVERSION = YES;
				CLANG_WARN_CONSTANT_CONVERSION = YES;
				CLANG_WARN_DIRECT_OBJC_ISA_USAGE = YES_ERROR;
				CLANG_WARN_EMPTY_BODY = YES;
				CLANG_WARN_ENUM_CONVERSION = YES;
				CLANG_WARN_INT_CONVERSION = YES;
				CLANG_WARN_OBJC_ROOT_CLASS = YES_ERROR;
				CLANG_WARN__DUPLICATE_METHOD_MATCH = YES;
				"CODE_SIGN_IDENTITY[sdk=iphoneos*]" = "iPhone Developer";
				COPY_PHASE_STRIP = YES;
				ENABLE_NS_ASSERTIONS = NO;
				GCC_C_LANGUAGE_STANDARD = gnu99;
				GCC_WARN_64_TO_32_BIT_CONVERSION = YES;
				GCC_WARN_ABOUT_RETURN_TYPE = YES_ERROR;
				GCC_WARN_UNDECLARED_SELECTOR = YES;
				GCC_WARN_UNINITIALIZED_AUTOS = YES;
				GCC_WARN_UNUSED_FUNCTION = YES;
				GCC_WARN_UNUSED_VARIABLE = YES;
				IPHONEOS_DEPLOYMENT_TARGET = 7.0;
				SDKROOT = iphoneos;
				VALIDATE_PRODUCT = YES;
			};
			name = Release;
		};
		E911BCEC18B2FCC900D8B8EC /* Debug */ = {
			isa = XCBuildConfiguration;
			buildSettings = {
				ASSETCATALOG_COMPILER_APPICON_NAME = AppIcon;
				ASSETCATALOG_COMPILER_LAUNCHIMAGE_NAME = LaunchImage;
				CODE_SIGN_IDENTITY = "iPhone Developer";
				"CODE_SIGN_IDENTITY[sdk=iphoneos*]" = "iPhone Developer";
				FRAMEWORK_SEARCH_PATHS = (
					"$(inherited)",
					/Users/michaelrtraverso/dev/traversoft/SKUtils/Products,
					"/Users/michaelrtraverso/dev/traversoft/Kiip-iOS-SDK-v2.0.6\\ (1)",
				);
				GCC_PRECOMPILE_PREFIX_HEADER = YES;
				GCC_PREFIX_HEADER = "Here Fishy Fishy/Here Fishy Fishy-Prefix.pch";
				INFOPLIST_FILE = "Here Fishy Fishy/Here Fishy Fishy-Info.plist";
				PRODUCT_NAME = "$(TARGET_NAME)";
				PROVISIONING_PROFILE = "";
				SPRITEKIT_TEXTURE_ATLAS_OUTPUT = YES;
				WRAPPER_EXTENSION = app;
			};
			name = Debug;
		};
		E911BCED18B2FCC900D8B8EC /* Release */ = {
			isa = XCBuildConfiguration;
			buildSettings = {
				ASSETCATALOG_COMPILER_APPICON_NAME = AppIcon;
				ASSETCATALOG_COMPILER_LAUNCHIMAGE_NAME = LaunchImage;
				CODE_SIGN_IDENTITY = "iPhone Developer";
				"CODE_SIGN_IDENTITY[sdk=iphoneos*]" = "iPhone Developer";
				FRAMEWORK_SEARCH_PATHS = (
					"$(inherited)",
					/Users/michaelrtraverso/dev/traversoft/SKUtils/Products,
					"/Users/michaelrtraverso/dev/traversoft/Kiip-iOS-SDK-v2.0.6\\ (1)",
				);
				GCC_PRECOMPILE_PREFIX_HEADER = YES;
				GCC_PREFIX_HEADER = "Here Fishy Fishy/Here Fishy Fishy-Prefix.pch";
				INFOPLIST_FILE = "Here Fishy Fishy/Here Fishy Fishy-Info.plist";
				PRODUCT_NAME = "$(TARGET_NAME)";
				PROVISIONING_PROFILE = "";
				SPRITEKIT_TEXTURE_ATLAS_OUTPUT = YES;
				WRAPPER_EXTENSION = app;
			};
			name = Release;
		};
		E911BCEF18B2FCC900D8B8EC /* Debug */ = {
			isa = XCBuildConfiguration;
			buildSettings = {
				ARCHS = "$(ARCHS_STANDARD_INCLUDING_64_BIT)";
				BUNDLE_LOADER = "$(BUILT_PRODUCTS_DIR)/Here Fishy Fishy.app/Here Fishy Fishy";
				FRAMEWORK_SEARCH_PATHS = (
					"$(SDKROOT)/Developer/Library/Frameworks",
					"$(inherited)",
					"$(DEVELOPER_FRAMEWORKS_DIR)",
				);
				GCC_PRECOMPILE_PREFIX_HEADER = YES;
				GCC_PREFIX_HEADER = "Here Fishy Fishy/Here Fishy Fishy-Prefix.pch";
				GCC_PREPROCESSOR_DEFINITIONS = (
					"DEBUG=1",
					"$(inherited)",
				);
				INFOPLIST_FILE = "Here Fishy FishyTests/Here Fishy FishyTests-Info.plist";
				PRODUCT_NAME = "$(TARGET_NAME)";
				TEST_HOST = "$(BUNDLE_LOADER)";
				WRAPPER_EXTENSION = xctest;
			};
			name = Debug;
		};
		E911BCF018B2FCC900D8B8EC /* Release */ = {
			isa = XCBuildConfiguration;
			buildSettings = {
				ARCHS = "$(ARCHS_STANDARD_INCLUDING_64_BIT)";
				BUNDLE_LOADER = "$(BUILT_PRODUCTS_DIR)/Here Fishy Fishy.app/Here Fishy Fishy";
				FRAMEWORK_SEARCH_PATHS = (
					"$(SDKROOT)/Developer/Library/Frameworks",
					"$(inherited)",
					"$(DEVELOPER_FRAMEWORKS_DIR)",
				);
				GCC_PRECOMPILE_PREFIX_HEADER = YES;
				GCC_PREFIX_HEADER = "Here Fishy Fishy/Here Fishy Fishy-Prefix.pch";
				INFOPLIST_FILE = "Here Fishy FishyTests/Here Fishy FishyTests-Info.plist";
				PRODUCT_NAME = "$(TARGET_NAME)";
				TEST_HOST = "$(BUNDLE_LOADER)";
				WRAPPER_EXTENSION = xctest;
			};
			name = Release;
		};
/* End XCBuildConfiguration section */

/* Begin XCConfigurationList section */
		E911BCAD18B2FCC900D8B8EC /* Build configuration list for PBXProject "Here Fishy Fishy" */ = {
			isa = XCConfigurationList;
			buildConfigurations = (
				E911BCE918B2FCC900D8B8EC /* Debug */,
				E911BCEA18B2FCC900D8B8EC /* Release */,
			);
			defaultConfigurationIsVisible = 0;
			defaultConfigurationName = Release;
		};
		E911BCEB18B2FCC900D8B8EC /* Build configuration list for PBXNativeTarget "Here Fishy Fishy" */ = {
			isa = XCConfigurationList;
			buildConfigurations = (
				E911BCEC18B2FCC900D8B8EC /* Debug */,
				E911BCED18B2FCC900D8B8EC /* Release */,
			);
			defaultConfigurationIsVisible = 0;
			defaultConfigurationName = Release;
		};
		E911BCEE18B2FCC900D8B8EC /* Build configuration list for PBXNativeTarget "Here Fishy FishyTests" */ = {
			isa = XCConfigurationList;
			buildConfigurations = (
				E911BCEF18B2FCC900D8B8EC /* Debug */,
				E911BCF018B2FCC900D8B8EC /* Release */,
			);
			defaultConfigurationIsVisible = 0;
			defaultConfigurationName = Release;
		};
/* End XCConfigurationList section */
	};
	rootObject = E911BCAA18B2FCC900D8B8EC /* Project object */;
}
